
Microsoft Visual Studio Solution File, Format Version 12.00
# Visual Studio 15
VisualStudioVersion = 15.0.26730.12
MinimumVisualStudioVersion = 10.0.40219.1
Project("{FAE04EC0-301F-11D3-BF4B-00C04F79EFBC}") = "Agenda de Contatos", "Agenda de Contatos\Agenda de Contatos.csproj", "{ADE9CA89-A03E-41AB-B932-9C490D038588}"
EndProject
Global
	GlobalSection(SolutionConfigurationPlatforms) = preSolution
		Debug|Any CPU = Debug|Any CPU
		Release|Any CPU = Release|Any CPU
	EndGlobalSection
	GlobalSection(ProjectConfigurationPlatforms) = postSolution
		{ADE9CA89-A03E-41AB-B932-9C490D038588}.Debug|Any CPU.ActiveCfg = Debug|Any CPU
		{ADE9CA89-A03E-41AB-B932-9C490D038588}.Debug|Any CPU.Build.0 = Debug|Any CPU
		{ADE9CA89-A03E-41AB-B932-9C490D038588}.Release|Any CPU.ActiveCfg = Release|Any CPU
		{ADE9CA89-A03E-41AB-B932-9C490D038588}.Release|Any CPU.Build.0 = Release|Any CPU
	EndGlobalSection
	GlobalSection(SolutionProperties) = preSolution
		HideSolutionNode = FALSE
	EndGlobalSection
	GlobalSection(ExtensibilityGlobals) = postSolution
		SolutionGuid = {FC9CF707-EB2D-4862-8763-F7C842046ACB}
	EndGlobalSection
EndGlobal
